
Microsoft Visual Studio Solution File, Format Version 11.00
# Visual Studio 2010
Project("{8BC9CEB8-8B4A-11D0-8D11-00A0C91BC942}") = "01_ICTCLAS_Test", "01_ICTCLAS_Test\01_ICTCLAS_Test.vcxproj", "{FA1733FB-D713-43CF-BBDF-C79B701F5045}"
EndProject
Project("{8BC9CEB8-8B4A-11D0-8D11-00A0C91BC942}") = "02_Test", "02_Test\02_Test.vcxproj", "{090D460E-DAEB-4711-9CA0-9CF55610E78E}"
EndProject
Global
	GlobalSection(SolutionConfigurationPlatforms) = preSolution
		Debug|Win32 = Debug|Win32
		Release|Win32 = Release|Win32
	EndGlobalSection
	GlobalSection(ProjectConfigurationPlatforms) = postSolution
		{FA1733FB-D713-43CF-BBDF-C79B701F5045}.Debug|Win32.ActiveCfg = Debug|Win32
		{FA1733FB-D713-43CF-BBDF-C79B701F5045}.Debug|Win32.Build.0 = Debug|Win32
		{FA1733FB-D713-43CF-BBDF-C79B701F5045}.Release|Win32.ActiveCfg = Release|Win32
		{FA1733FB-D713-43CF-BBDF-C79B701F5045}.Release|Win32.Build.0 = Release|Win32
		{090D460E-DAEB-4711-9CA0-9CF55610E78E}.Debug|Win32.ActiveCfg = Debug|Win32
		{090D460E-DAEB-4711-9CA0-9CF55610E78E}.Debug|Win32.Build.0 = Debug|Win32
		{090D460E-DAEB-4711-9CA0-9CF55610E78E}.Release|Win32.ActiveCfg = Release|Win32
		{090D460E-DAEB-4711-9CA0-9CF55610E78E}.Release|Win32.Build.0 = Release|Win32
	EndGlobalSection
	GlobalSection(SolutionProperties) = preSolution
		HideSolutionNode = FALSE
	EndGlobalSection
EndGlobal
